
Microsoft Visual Studio Solution File, Format Version 12.00
# Visual Studio Version 17
VisualStudioVersion = 17.3.32929.385
MinimumVisualStudioVersion = 10.0.40219.1
Project("{FAE04EC0-301F-11D3-BF4B-00C04F79EFBC}") = "ConsoleApp1", "ConsoleApp1.csproj", "{A7872184-8CA1-4ACE-AF7A-0F0B8F0588F1}"
EndProject
Global
	GlobalSection(SolutionConfigurationPlatforms) = preSolution
		Debug|Any CPU = Debug|Any CPU
		Release|Any CPU = Release|Any CPU
	EndGlobalSection
	GlobalSection(ProjectConfigurationPlatforms) = postSolution
		{A7872184-8CA1-4ACE-AF7A-0F0B8F0588F1}.Debug|Any CPU.ActiveCfg = Debug|Any CPU
		{A7872184-8CA1-4ACE-AF7A-0F0B8F0588F1}.Debug|Any CPU.Build.0 = Debug|Any CPU
		{A7872184-8CA1-4ACE-AF7A-0F0B8F0588F1}.Release|Any CPU.ActiveCfg = Release|Any CPU
		{A7872184-8CA1-4ACE-AF7A-0F0B8F0588F1}.Release|Any CPU.Build.0 = Release|Any CPU
	EndGlobalSection
	GlobalSection(SolutionProperties) = preSolution
		HideSolutionNode = FALSE
	EndGlobalSection
	GlobalSection(ExtensibilityGlobals) = postSolution
		SolutionGuid = {D803D3E5-31C2-4631-864C-B6E4058076B8}
	EndGlobalSection
EndGlobal
